
Microsoft Visual Studio Solution File, Format Version 12.00
# Visual Studio Version 17
VisualStudioVersion = 17.13.35818.85 d17.13
MinimumVisualStudioVersion = 10.0.40219.1
Project("{FAE04EC0-301F-11D3-BF4B-00C04F79EFBC}") = "FishCareSystem.API", "FishCareSystem.API\FishCareSystem.API.csproj", "{486257C9-BAC2-47DA-B928-3BE7A722D9E9}"
EndProject
Global
	GlobalSection(SolutionConfigurationPlatforms) = preSolution
		Debug|Any CPU = Debug|Any CPU
		Release|Any CPU = Release|Any CPU
	EndGlobalSection
	GlobalSection(ProjectConfigurationPlatforms) = postSolution
		{486257C9-BAC2-47DA-B928-3BE7A722D9E9}.Debug|Any CPU.ActiveCfg = Debug|Any CPU
		{486257C9-BAC2-47DA-B928-3BE7A722D9E9}.Debug|Any CPU.Build.0 = Debug|Any CPU
		{486257C9-BAC2-47DA-B928-3BE7A722D9E9}.Release|Any CPU.ActiveCfg = Release|Any CPU
		{486257C9-BAC2-47DA-B928-3BE7A722D9E9}.Release|Any CPU.Build.0 = Release|Any CPU
	EndGlobalSection
	GlobalSection(SolutionProperties) = preSolution
		HideSolutionNode = FALSE
	EndGlobalSection
	GlobalSection(ExtensibilityGlobals) = postSolution
		SolutionGuid = {DEC9CF67-E44F-4140-B89E-70D52A3D4AF4}
	EndGlobalSection
EndGlobal
